{
  "nodes": {
    "root": {
      "inputs": {
        "stable": "stable",
        "unstable": "unstable"
      }
    },
    "stable": {
      "locked": {
        "lastModified": 1755058817,
        "narHash": "sha256-YwNlsmYnN2C1uwMQnYCPI3AAbE6LY3Gzk0qPiT+7wgc=",
        "rev": "62391815818d8e16e0e09335c1406b24aea8ddcd",
        "revCount": 808120,
        "type": "git",
        "url": "file:stable"
      },
      "original": {
        "type": "git",
        "url": "file:stable"
      }
    },
    "unstable": {
      "locked": {
        "lastModified": 1755061300,
        "narHash": "sha256-eov82CkCrpiECJa3dyQ2da1sPGnAP3HK0UEra5eupaM=",
        "rev": "d4df8d6cc1ccfd3e4349a1d54e4fb1171e7ec1f5",
        "revCount": 843650,
        "type": "git",
        "url": "file:unstable"
      },
      "original": {
        "type": "git",
        "url": "file:unstable"
      }
    }
  },
  "root": "root",
  "version": 7
}
