{
  "nodes": {
    "root": {
      "inputs": {
        "stable": "stable",
        "unstable": "unstable"
      }
    },
    "stable": {
      "locked": {
        "lastModified": 1739578539,
        "narHash": "sha256-jGiez5BtGGJUB/LXzRa+4AQurMO9acc1B69kBfgQhJc=",
        "rev": "30d4471a8a2a13b716530d3aad60b9846ea5ff83",
        "revCount": 714528,
        "type": "git",
        "url": "file:stable"
      },
      "original": {
        "type": "git",
        "url": "file:stable"
      }
    },
    "unstable": {
      "locked": {
        "lastModified": 1739611738,
        "narHash": "sha256-3bnOIZz8KXtzcaXGuH9Eriv0HiQyr1EIfcye+VHLQZE=",
        "rev": "31ff66eb77d02e9ac34b7256a02edb1c43fb9998",
        "revCount": 753786,
        "type": "git",
        "url": "file:unstable"
      },
      "original": {
        "type": "git",
        "url": "file:unstable"
      }
    }
  },
  "root": "root",
  "version": 7
}
