{
  "nodes": {
    "root": {
      "inputs": {
        "stable": "stable",
        "unstable": "unstable"
      }
    },
    "stable": {
      "locked": {
        "lastModified": 1766610188,
        "narHash": "sha256-dRzUGGdlSsEfzJd42bdOojRU+xlWB+Sq/lV90Nban3c=",
        "rev": "61bdc41b4eb72d7e779193d778f01cf5cfafcf5c",
        "revCount": 904338,
        "type": "git",
        "url": "file:stable"
      },
      "original": {
        "type": "git",
        "url": "file:stable"
      }
    },
    "unstable": {
      "locked": {
        "lastModified": 1766601203,
        "narHash": "sha256-iCAUuJRNgRoxlcBfH6pFZLU0TDzfBczpliP5iLJYujk=",
        "rev": "c0532e48685132432f0d6fa751cc2bda0381b8dd",
        "revCount": 916172,
        "type": "git",
        "url": "file:unstable"
      },
      "original": {
        "type": "git",
        "url": "file:unstable"
      }
    }
  },
  "root": "root",
  "version": 7
}
